
Microsoft Visual Studio Solution File, Format Version 12.00
# Visual Studio Version 16
VisualStudioVersion = 16.0.29424.173
MinimumVisualStudioVersion = 10.0.40219.1
Project("{8BC9CEB8-8B4A-11D0-8D11-00A0C91BC942}") = "demo1", "demo1\demo1.vcxproj", "{C0BA68C5-2694-40D8-816B-4FC68C8C501A}"
EndProject
Project("{8BC9CEB8-8B4A-11D0-8D11-00A0C91BC942}") = "demo2", "demo2\demo2.vcxproj", "{353FB415-96C3-4F8B-9C18-A58FDE129639}"
EndProject
Global
	GlobalSection(SolutionConfigurationPlatforms) = preSolution
		Debug|x64 = Debug|x64
		Debug|x86 = Debug|x86
		Release|x64 = Release|x64
		Release|x86 = Release|x86
	EndGlobalSection
	GlobalSection(ProjectConfigurationPlatforms) = postSolution
		{C0BA68C5-2694-40D8-816B-4FC68C8C501A}.Debug|x64.ActiveCfg = Debug|x64
		{C0BA68C5-2694-40D8-816B-4FC68C8C501A}.Debug|x64.Build.0 = Debug|x64
		{C0BA68C5-2694-40D8-816B-4FC68C8C501A}.Debug|x86.ActiveCfg = Debug|Win32
		{C0BA68C5-2694-40D8-816B-4FC68C8C501A}.Debug|x86.Build.0 = Debug|Win32
		{C0BA68C5-2694-40D8-816B-4FC68C8C501A}.Release|x64.ActiveCfg = Release|x64
		{C0BA68C5-2694-40D8-816B-4FC68C8C501A}.Release|x64.Build.0 = Release|x64
		{C0BA68C5-2694-40D8-816B-4FC68C8C501A}.Release|x86.ActiveCfg = Release|Win32
		{C0BA68C5-2694-40D8-816B-4FC68C8C501A}.Release|x86.Build.0 = Release|Win32
		{353FB415-96C3-4F8B-9C18-A58FDE129639}.Debug|x64.ActiveCfg = Debug|x64
		{353FB415-96C3-4F8B-9C18-A58FDE129639}.Debug|x64.Build.0 = Debug|x64
		{353FB415-96C3-4F8B-9C18-A58FDE129639}.Debug|x86.ActiveCfg = Debug|Win32
		{353FB415-96C3-4F8B-9C18-A58FDE129639}.Debug|x86.Build.0 = Debug|Win32
		{353FB415-96C3-4F8B-9C18-A58FDE129639}.Release|x64.ActiveCfg = Release|x64
		{353FB415-96C3-4F8B-9C18-A58FDE129639}.Release|x64.Build.0 = Release|x64
		{353FB415-96C3-4F8B-9C18-A58FDE129639}.Release|x86.ActiveCfg = Release|Win32
		{353FB415-96C3-4F8B-9C18-A58FDE129639}.Release|x86.Build.0 = Release|Win32
	EndGlobalSection
	GlobalSection(SolutionProperties) = preSolution
		HideSolutionNode = FALSE
	EndGlobalSection
	GlobalSection(ExtensibilityGlobals) = postSolution
		SolutionGuid = {777C08CF-64FF-43BB-AF85-0BF2389CFAD6}
	EndGlobalSection
EndGlobal
